<?xml version="1.0" encoding="utf-8"?>
<Project ToolsVersion="4.0" xmlns="http://schemas.microsoft.com/developer/msbuild/2003">
  <ItemGroup>
    <Filter Include="Source Files">
      <UniqueIdentifier>{4FC737F1-C7A5-4376-A066-2A32D752A2FF}</UniqueIdentifier>
      <Extensions>cpp;c;cc;cxx;c++;cppm;ixx;def;odl;idl;hpj;bat;asm;asmx</Extensions>
    </Filter>
    <Filter Include="Header Files">
      <UniqueIdentifier>{93995380-89BD-4b04-88EB-625FBE52EBFB}</UniqueIdentifier>
      <Extensions>h;hh;hpp;hxx;h++;hm;inl;inc;ipp;xsd</Extensions>
    </Filter>
    <Filter Include="Resource Files">
      <UniqueIdentifier>{67DA6AB6-F800-4c08-8B7A-83BB121AAD01}</UniqueIdentifier>
      <Extensions>rc;ico;cur;bmp;dlg;rc2;rct;bin;rgs;gif;jpg;jpeg;jpe;resx;tiff;tif;png;wav;mfcribbon-ms</Extensions>
    </Filter>
    <Filter Include="Header Files\java.io">
      <UniqueIdentifier>{057777d3-03f0-498f-96ec-52d3ef142891}</UniqueIdentifier>
    </Filter>
    <Filter Include="Header Files\java.lang">
      <UniqueIdentifier>{5e5ac929-3cdb-413d-be37-7a1609fa23fb}</UniqueIdentifier>
    </Filter>
    <Filter Include="Header Files\java.util">
      <UniqueIdentifier>{4c045a3e-e37a-4eed-97f3-68c73ce61fce}</UniqueIdentifier>
    </Filter>
    <Filter Include="Source Files\java.io">
      <UniqueIdentifier>{9bd93046-773a-49fa-9c12-f4f314cbbc41}</UniqueIdentifier>
    </Filter>
    <Filter Include="Source Files\java.lang">
      <UniqueIdentifier>{061ad38d-63c0-4c03-81b6-c08886743afd}</UniqueIdentifier>
    </Filter>
    <Filter Include="Header Files\org.borium.javarecompiler.classfile">
      <UniqueIdentifier>{a46aba5e-21d8-44d6-9a9a-4cb5a3add28f}</UniqueIdentifier>
    </Filter>
    <Filter Include="Source Files\org.borium.javarecompiler.classfile">
      <UniqueIdentifier>{a7f13fe1-d4bd-4777-82e6-3f27ed37cad4}</UniqueIdentifier>
    </Filter>
  </ItemGroup>
  <ItemGroup>
    <ClInclude Include="targetver.h">
      <Filter>Header Files</Filter>
    </ClInclude>
    <ClInclude Include="Resource.h">
      <Filter>Header Files</Filter>
    </ClInclude>
    <ClInclude Include="recompiler-cpp-test.h">
      <Filter>Header Files</Filter>
    </ClInclude>
    <ClInclude Include="stdafx.h">
      <Filter>Header Files</Filter>
    </ClInclude>
    <ClInclude Include="java__io__PrintStream.h">
      <Filter>Header Files\java.io</Filter>
    </ClInclude>
    <ClInclude Include="java__lang__Class.h">
      <Filter>Header Files\java.lang</Filter>
    </ClInclude>
    <ClInclude Include="java__lang__Double.h">
      <Filter>Header Files\java.lang</Filter>
    </ClInclude>
    <ClInclude Include="java__lang__Object.h">
      <Filter>Header Files\java.lang</Filter>
    </ClInclude>
    <ClInclude Include="java__lang__RuntimeException.h">
      <Filter>Header Files\java.lang</Filter>
    </ClInclude>
    <ClInclude Include="java__lang__String.h">
      <Filter>Header Files\java.lang</Filter>
    </ClInclude>
    <ClInclude Include="java__lang__StringBuilder.h">
      <Filter>Header Files\java.lang</Filter>
    </ClInclude>
    <ClInclude Include="java__lang__System.h">
      <Filter>Header Files\java.lang</Filter>
    </ClInclude>
    <ClInclude Include="java__lang__Throwable.h">
      <Filter>Header Files\java.lang</Filter>
    </ClInclude>
    <ClInclude Include="java__util__ArrayList.h">
      <Filter>Header Files\java.util</Filter>
    </ClInclude>
    <ClInclude Include="java__util__HashMap.h">
      <Filter>Header Files\java.util</Filter>
    </ClInclude>
    <ClInclude Include="java__util__Iterator.h">
      <Filter>Header Files\java.util</Filter>
    </ClInclude>
    <ClInclude Include="java__util__List.h">
      <Filter>Header Files\java.util</Filter>
    </ClInclude>
    <ClInclude Include="java__util__Map.h">
      <Filter>Header Files\java.util</Filter>
    </ClInclude>
    <ClInclude Include="java__util__NoSuchElementException.h">
      <Filter>Header Files\java.util</Filter>
    </ClInclude>
    <ClInclude Include="org__borium__javarecompiler__Recomp.h">
      <Filter>Header Files</Filter>
    </ClInclude>
    <ClInclude Include="org__borium__javarecompiler__classfile__ClassFile.h">
      <Filter>Header Files\org.borium.javarecompiler.classfile</Filter>
    </ClInclude>
    <ClInclude Include="java__io__File.h">
      <Filter>Header Files\java.io</Filter>
    </ClInclude>
    <ClInclude Include="java__io__IOException.h">
      <Filter>Header Files\java.io</Filter>
    </ClInclude>
    <ClInclude Include="java__lang__ClassFormatError.h">
      <Filter>Header Files\java.lang</Filter>
    </ClInclude>
    <ClInclude Include="java__lang__Exception.h">
      <Filter>Header Files\java.lang</Filter>
    </ClInclude>
  </ItemGroup>
  <ItemGroup>
    <ClCompile Include="recompiler-cpp-test.cpp">
      <Filter>Source Files</Filter>
    </ClCompile>
    <ClCompile Include="stdafx.cpp">
      <Filter>Source Files</Filter>
    </ClCompile>
    <ClCompile Include="java__io__PrintStream.cpp">
      <Filter>Source Files\java.io</Filter>
    </ClCompile>
    <ClCompile Include="java__lang__Class.cpp">
      <Filter>Source Files\java.lang</Filter>
    </ClCompile>
    <ClCompile Include="java__lang__Double.cpp">
      <Filter>Source Files\java.lang</Filter>
    </ClCompile>
    <ClCompile Include="java__lang__Object.cpp">
      <Filter>Source Files\java.lang</Filter>
    </ClCompile>
    <ClCompile Include="java__lang__RuntimeException.cpp">
      <Filter>Source Files\java.lang</Filter>
    </ClCompile>
    <ClCompile Include="java__lang__String.cpp">
      <Filter>Source Files\java.lang</Filter>
    </ClCompile>
    <ClCompile Include="java__lang__StringBuilder.cpp">
      <Filter>Source Files\java.lang</Filter>
    </ClCompile>
    <ClCompile Include="java__lang__System.cpp">
      <Filter>Source Files\java.lang</Filter>
    </ClCompile>
    <ClCompile Include="org__borium__javarecompiler__Recomp.cpp">
      <Filter>Source Files</Filter>
    </ClCompile>
    <ClCompile Include="org__borium__javarecompiler__classfile__ClassFile.cpp">
      <Filter>Source Files\org.borium.javarecompiler.classfile</Filter>
    </ClCompile>
    <ClCompile Include="java__io__File.cpp">
      <Filter>Source Files\java.io</Filter>
    </ClCompile>
  </ItemGroup>
  <ItemGroup>
    <ResourceCompile Include="recompiler-cpp-test.rc">
      <Filter>Resource Files</Filter>
    </ResourceCompile>
  </ItemGroup>
</Project>